// !$*UTF8*$!
{
	archiveVersion = 1;
	classes = {
	};
	objectVersion = 51;
	objects = {

/* Begin PBXBuildFile section */
		2B09A32822F265CF00F52209 /* AppDelegate.swift in Sources */ = {isa = PBXBuildFile; fileRef = 2B09A32722F265CF00F52209 /* AppDelegate.swift */; };
		2B09A32D22F265CF00F52209 /* Main.storyboard in Resources */ = {isa = PBXBuildFile; fileRef = 2B09A32B22F265CF00F52209 /* Main.storyboard */; };
		2B09A32F22F265D000F52209 /* Assets.xcassets in Resources */ = {isa = PBXBuildFile; fileRef = 2B09A32E22F265D000F52209 /* Assets.xcassets */; };
		2B09A33222F265D000F52209 /* LaunchScreen.storyboard in Resources */ = {isa = PBXBuildFile; fileRef = 2B09A33022F265D000F52209 /* LaunchScreen.storyboard */; };
		2B09A33D22F265D000F52209 /* XploreTests.swift in Sources */ = {isa = PBXBuildFile; fileRef = 2B09A33C22F265D000F52209 /* XploreTests.swift */; };
		2B09A34822F265D000F52209 /* XploreUITests.swift in Sources */ = {isa = PBXBuildFile; fileRef = 2B09A34722F265D000F52209 /* XploreUITests.swift */; };
		2B11E02C22F39668000A51F0 /* CoreLocation.framework in Frameworks */ = {isa = PBXBuildFile; fileRef = 2B11E02B22F39668000A51F0 /* CoreLocation.framework */; };
		2B13DB2D22F93DD400E5DD31 /* LoginButton.swift in Sources */ = {isa = PBXBuildFile; fileRef = 2B13DB2C22F93DD400E5DD31 /* LoginButton.swift */; };
		2B1E3E5622F3EFCE00B1C90F /* Home.swift in Sources */ = {isa = PBXBuildFile; fileRef = 2B1E3E5422F3EFCE00B1C90F /* Home.swift */; };
		2B1E3E5A22F3F1CC00B1C90F /* InteractiveMap.swift in Sources */ = {isa = PBXBuildFile; fileRef = 2B1E3E5822F3F1CC00B1C90F /* InteractiveMap.swift */; };
		2B5565F1235D736C008E2B66 /* AddFriendViewController.swift in Sources */ = {isa = PBXBuildFile; fileRef = 2B5565F0235D736C008E2B66 /* AddFriendViewController.swift */; };
		2B5565F6235D76C0008E2B66 /* Bookmark.swift in Sources */ = {isa = PBXBuildFile; fileRef = 2B5565F5235D76C0008E2B66 /* Bookmark.swift */; };
		2B5565F8235D76D4008E2B66 /* BookmarksAPI.swift in Sources */ = {isa = PBXBuildFile; fileRef = 2B5565F7235D76D4008E2B66 /* BookmarksAPI.swift */; };
		2B5565FA235D8BFD008E2B66 /* BookmarkCell.swift in Sources */ = {isa = PBXBuildFile; fileRef = 2B5565F9235D8BFD008E2B66 /* BookmarkCell.swift */; };
		2B7F870122F672A800347911 /* SignUp.swift in Sources */ = {isa = PBXBuildFile; fileRef = 2B7F870022F672A800347911 /* SignUp.swift */; };
		2B7F870322F68FEA00347911 /* RoundedWhiteButton.swift in Sources */ = {isa = PBXBuildFile; fileRef = 2B7F870222F68FEA00347911 /* RoundedWhiteButton.swift */; };
		2B8B5B6422F55FE400BDEB23 /* GoogleService-Info.plist in Resources */ = {isa = PBXBuildFile; fileRef = 2B8B5B6322F55FE400BDEB23 /* GoogleService-Info.plist */; };
		2B8B5B6522F55FE400BDEB23 /* GoogleService-Info.plist in Resources */ = {isa = PBXBuildFile; fileRef = 2B8B5B6322F55FE400BDEB23 /* GoogleService-Info.plist */; };
		2B8B5B6622F55FE400BDEB23 /* GoogleService-Info.plist in Resources */ = {isa = PBXBuildFile; fileRef = 2B8B5B6322F55FE400BDEB23 /* GoogleService-Info.plist */; };
		2B907C9F23454D3F0021EF98 /* Privacy.swift in Sources */ = {isa = PBXBuildFile; fileRef = 2B907C9E23454D3F0021EF98 /* Privacy.swift */; };
		2B907CA3234575DA0021EF98 /* ToS.swift in Sources */ = {isa = PBXBuildFile; fileRef = 2B907CA2234575DA0021EF98 /* ToS.swift */; };
		2B907CA5234888170021EF98 /* FriendsCell.swift in Sources */ = {isa = PBXBuildFile; fileRef = 2B907CA4234888170021EF98 /* FriendsCell.swift */; };
		2B98A8D1232423E100FA7895 /* Friend.swift in Sources */ = {isa = PBXBuildFile; fileRef = 2B98A8D0232423E100FA7895 /* Friend.swift */; };
		2B98A8D3232427F700FA7895 /* FriendsAPI.swift in Sources */ = {isa = PBXBuildFile; fileRef = 2B98A8D2232427F700FA7895 /* FriendsAPI.swift */; };
		2BA9C75F22FAB38C001A0DB5 /* ForgetPassword.swift in Sources */ = {isa = PBXBuildFile; fileRef = 2BA9C75E22FAB38C001A0DB5 /* ForgetPassword.swift */; };
		2BA9C76122FB6CD5001A0DB5 /* RoundUIView.swift in Sources */ = {isa = PBXBuildFile; fileRef = 2BA9C76022FB6CD5001A0DB5 /* RoundUIView.swift */; };
		2BBA19272367CA2A0045E82C /* AddFriendCell.swift in Sources */ = {isa = PBXBuildFile; fileRef = 2BBA19262367CA2A0045E82C /* AddFriendCell.swift */; };
		2BE5B57822F567B000B39563 /* Menu.swift in Sources */ = {isa = PBXBuildFile; fileRef = 2BE5B57722F567B000B39563 /* Menu.swift */; };
		2BFDBE5E233570AE006143FD /* SettingsCell.swift in Sources */ = {isa = PBXBuildFile; fileRef = 2BFDBE5D233570AE006143FD /* SettingsCell.swift */; };
		2BFDBE6023357CAD006143FD /* SettingsSection.swift in Sources */ = {isa = PBXBuildFile; fileRef = 2BFDBE5F23357CAD006143FD /* SettingsSection.swift */; };
		308555F7145DE8FAA7556AF1 /* Pods_XploreUITests.framework in Frameworks */ = {isa = PBXBuildFile; fileRef = 8A93B7878C29BF6A6816F1CB /* Pods_XploreUITests.framework */; };
		530E0612EF78A6F051044666 /* Pods_Xplore.framework in Frameworks */ = {isa = PBXBuildFile; fileRef = 6AA38954BC207ECBEF3C30E3 /* Pods_Xplore.framework */; };
		E402270DE27343D3205C478B /* Pods_XploreTests.framework in Frameworks */ = {isa = PBXBuildFile; fileRef = ED603CA0B954E42587E581A0 /* Pods_XploreTests.framework */; };
		F44CED8F22F99F8D0077138F /* User.swift in Sources */ = {isa = PBXBuildFile; fileRef = F44CED8E22F99F8D0077138F /* User.swift */; };
		F44CED9922FB3B2C0077138F /* filter.jpg in Resources */ = {isa = PBXBuildFile; fileRef = F44CED9322FB3B2C0077138F /* filter.jpg */; };
		F44CED9B22FB3B2C0077138F /* menu.jpg in Resources */ = {isa = PBXBuildFile; fileRef = F44CED9522FB3B2C0077138F /* menu.jpg */; };
		F44CED9E22FB3B310077138F /* settings.jpg in Resources */ = {isa = PBXBuildFile; fileRef = F44CED9D22FB3B310077138F /* settings.jpg */; };
		F44CEDA022FB42E40077138F /* FriendsViewController.swift in Sources */ = {isa = PBXBuildFile; fileRef = F44CED9F22FB42E40077138F /* FriendsViewController.swift */; };
		F44CEDC222FD43450077138F /* FilterViewController.swift in Sources */ = {isa = PBXBuildFile; fileRef = F44CEDC122FD43450077138F /* FilterViewController.swift */; };
		F44CEDC622FD45F30077138F /* AddEventViewController.swift in Sources */ = {isa = PBXBuildFile; fileRef = F44CEDC522FD45F30077138F /* AddEventViewController.swift */; };
		F44CEDC822FD4AB30077138F /* SettingsViewController.swift in Sources */ = {isa = PBXBuildFile; fileRef = F44CEDC722FD4AB30077138F /* SettingsViewController.swift */; };
		F456763D23400D6C00938AA7 /* friends.png in Resources */ = {isa = PBXBuildFile; fileRef = F456763923400D6B00938AA7 /* friends.png */; };
		F456763E23400D6C00938AA7 /* map.png in Resources */ = {isa = PBXBuildFile; fileRef = F456763A23400D6B00938AA7 /* map.png */; };
		F456764023400D6C00938AA7 /* home.png in Resources */ = {isa = PBXBuildFile; fileRef = F456763C23400D6C00938AA7 /* home.png */; };
		F45676452341791500938AA7 /* 100_map.png in Resources */ = {isa = PBXBuildFile; fileRef = F45676412341791500938AA7 /* 100_map.png */; };
		F45676462341791500938AA7 /* 100_new_event.png in Resources */ = {isa = PBXBuildFile; fileRef = F45676422341791500938AA7 /* 100_new_event.png */; };
		F45676472341791500938AA7 /* 100_friends.png in Resources */ = {isa = PBXBuildFile; fileRef = F45676432341791500938AA7 /* 100_friends.png */; };
		F45676482341791500938AA7 /* 100_home.png in Resources */ = {isa = PBXBuildFile; fileRef = F45676442341791500938AA7 /* 100_home.png */; };
		F4B258BF22F6BAD800E12BF4 /* SegueFromLeft.swift in Sources */ = {isa = PBXBuildFile; fileRef = F4B258BE22F6BAD800E12BF4 /* SegueFromLeft.swift */; };
		F4B258C122F6DE2D00E12BF4 /* SegueFromRight.swift in Sources */ = {isa = PBXBuildFile; fileRef = F4B258C022F6DE2D00E12BF4 /* SegueFromRight.swift */; };
		F4B258C522F6E51500E12BF4 /* Event.swift in Sources */ = {isa = PBXBuildFile; fileRef = F4B258C422F6E51500E12BF4 /* Event.swift */; };
		F4B258C922F6E96C00E12BF4 /* CircularAnnotationView.swift in Sources */ = {isa = PBXBuildFile; fileRef = F4B258C822F6E96C00E12BF4 /* CircularAnnotationView.swift */; };
		F4B258CB22F6EB8A00E12BF4 /* Constants.swift in Sources */ = {isa = PBXBuildFile; fileRef = F4B258CA22F6EB8A00E12BF4 /* Constants.swift */; };
		F4B258CD22F6ED4A00E12BF4 /* CustomPointAnnotation.swift in Sources */ = {isa = PBXBuildFile; fileRef = F4B258CC22F6ED4A00E12BF4 /* CustomPointAnnotation.swift */; };
		F4B258CF22F6F83900E12BF4 /* third_party_vector_style.json in Resources */ = {isa = PBXBuildFile; fileRef = F4B258CE22F6F83800E12BF4 /* third_party_vector_style.json */; };
		F4B258D722F884BA00E12BF4 /* map_example.jpg in Resources */ = {isa = PBXBuildFile; fileRef = F4B258D622F884BA00E12BF4 /* map_example.jpg */; };
/* End PBXBuildFile section */

/* Begin PBXContainerItemProxy section */
		2B09A33922F265D000F52209 /* PBXContainerItemProxy */ = {
			isa = PBXContainerItemProxy;
			containerPortal = 2B09A31C22F265CF00F52209 /* Project object */;
			proxyType = 1;
			remoteGlobalIDString = 2B09A32322F265CF00F52209;
			remoteInfo = Xplore;
		};
		2B09A34422F265D000F52209 /* PBXContainerItemProxy */ = {
			isa = PBXContainerItemProxy;
			containerPortal = 2B09A31C22F265CF00F52209 /* Project object */;
			proxyType = 1;
			remoteGlobalIDString = 2B09A32322F265CF00F52209;
			remoteInfo = Xplore;
		};
/* End PBXContainerItemProxy section */

/* Begin PBXCopyFilesBuildPhase section */
		2B11E03722F3C4F7000A51F0 /* Embed Frameworks */ = {
			isa = PBXCopyFilesBuildPhase;
			buildActionMask = 2147483647;
			dstPath = "";
			dstSubfolderSpec = 10;
			files = (
			);
			name = "Embed Frameworks";
			runOnlyForDeploymentPostprocessing = 0;
		};
/* End PBXCopyFilesBuildPhase section */

/* Begin PBXFileReference section */
		07F35D667554FE19FB2CFA63 /* Pods-XploreUITests.release.xcconfig */ = {isa = PBXFileReference; includeInIndex = 1; lastKnownFileType = text.xcconfig; name = "Pods-XploreUITests.release.xcconfig"; path = "Target Support Files/Pods-XploreUITests/Pods-XploreUITests.release.xcconfig"; sourceTree = "<group>"; };
		2B09A32422F265CF00F52209 /* Xplore.app */ = {isa = PBXFileReference; explicitFileType = wrapper.application; includeInIndex = 0; path = Xplore.app; sourceTree = BUILT_PRODUCTS_DIR; };
		2B09A32722F265CF00F52209 /* AppDelegate.swift */ = {isa = PBXFileReference; lastKnownFileType = sourcecode.swift; path = AppDelegate.swift; sourceTree = "<group>"; };
		2B09A32C22F265CF00F52209 /* Base */ = {isa = PBXFileReference; lastKnownFileType = file.storyboard; name = Base; path = Base.lproj/Main.storyboard; sourceTree = "<group>"; };
		2B09A32E22F265D000F52209 /* Assets.xcassets */ = {isa = PBXFileReference; lastKnownFileType = folder.assetcatalog; path = Assets.xcassets; sourceTree = "<group>"; };
		2B09A33122F265D000F52209 /* Base */ = {isa = PBXFileReference; lastKnownFileType = file.storyboard; name = Base; path = Base.lproj/LaunchScreen.storyboard; sourceTree = "<group>"; };
		2B09A33322F265D000F52209 /* Info.plist */ = {isa = PBXFileReference; lastKnownFileType = text.plist.xml; path = Info.plist; sourceTree = "<group>"; };
		2B09A33822F265D000F52209 /* XploreTests.xctest */ = {isa = PBXFileReference; explicitFileType = wrapper.cfbundle; includeInIndex = 0; path = XploreTests.xctest; sourceTree = BUILT_PRODUCTS_DIR; };
		2B09A33C22F265D000F52209 /* XploreTests.swift */ = {isa = PBXFileReference; lastKnownFileType = sourcecode.swift; path = XploreTests.swift; sourceTree = "<group>"; };
		2B09A33E22F265D000F52209 /* Info.plist */ = {isa = PBXFileReference; lastKnownFileType = text.plist.xml; path = Info.plist; sourceTree = "<group>"; };
		2B09A34322F265D000F52209 /* XploreUITests.xctest */ = {isa = PBXFileReference; explicitFileType = wrapper.cfbundle; includeInIndex = 0; path = XploreUITests.xctest; sourceTree = BUILT_PRODUCTS_DIR; };
		2B09A34722F265D000F52209 /* XploreUITests.swift */ = {isa = PBXFileReference; lastKnownFileType = sourcecode.swift; path = XploreUITests.swift; sourceTree = "<group>"; };
		2B09A34922F265D000F52209 /* Info.plist */ = {isa = PBXFileReference; lastKnownFileType = text.plist.xml; path = Info.plist; sourceTree = "<group>"; };
		2B11E02B22F39668000A51F0 /* CoreLocation.framework */ = {isa = PBXFileReference; lastKnownFileType = wrapper.framework; name = CoreLocation.framework; path = System/Library/Frameworks/CoreLocation.framework; sourceTree = SDKROOT; };
		2B13DB2C22F93DD400E5DD31 /* LoginButton.swift */ = {isa = PBXFileReference; lastKnownFileType = sourcecode.swift; path = LoginButton.swift; sourceTree = "<group>"; };
		2B1E3E5422F3EFCE00B1C90F /* Home.swift */ = {isa = PBXFileReference; lastKnownFileType = sourcecode.swift; path = Home.swift; sourceTree = "<group>"; };
		2B1E3E5822F3F1CC00B1C90F /* InteractiveMap.swift */ = {isa = PBXFileReference; lastKnownFileType = sourcecode.swift; path = InteractiveMap.swift; sourceTree = "<group>"; };
		2B5565F0235D736C008E2B66 /* AddFriendViewController.swift */ = {isa = PBXFileReference; lastKnownFileType = sourcecode.swift; path = AddFriendViewController.swift; sourceTree = "<group>"; };
		2B5565F5235D76C0008E2B66 /* Bookmark.swift */ = {isa = PBXFileReference; lastKnownFileType = sourcecode.swift; path = Bookmark.swift; sourceTree = "<group>"; };
		2B5565F7235D76D4008E2B66 /* BookmarksAPI.swift */ = {isa = PBXFileReference; lastKnownFileType = sourcecode.swift; path = BookmarksAPI.swift; sourceTree = "<group>"; };
		2B5565F9235D8BFD008E2B66 /* BookmarkCell.swift */ = {isa = PBXFileReference; lastKnownFileType = sourcecode.swift; path = BookmarkCell.swift; sourceTree = "<group>"; };
		2B7F870022F672A800347911 /* SignUp.swift */ = {isa = PBXFileReference; lastKnownFileType = sourcecode.swift; path = SignUp.swift; sourceTree = "<group>"; };
		2B7F870222F68FEA00347911 /* RoundedWhiteButton.swift */ = {isa = PBXFileReference; lastKnownFileType = sourcecode.swift; path = RoundedWhiteButton.swift; sourceTree = "<group>"; };
		2B8B5B6322F55FE400BDEB23 /* GoogleService-Info.plist */ = {isa = PBXFileReference; fileEncoding = 4; lastKnownFileType = text.plist.xml; path = "GoogleService-Info.plist"; sourceTree = "<group>"; };
		2B907C9E23454D3F0021EF98 /* Privacy.swift */ = {isa = PBXFileReference; lastKnownFileType = sourcecode.swift; path = Privacy.swift; sourceTree = "<group>"; };
		2B907CA2234575DA0021EF98 /* ToS.swift */ = {isa = PBXFileReference; lastKnownFileType = sourcecode.swift; path = ToS.swift; sourceTree = "<group>"; };
		2B907CA4234888170021EF98 /* FriendsCell.swift */ = {isa = PBXFileReference; lastKnownFileType = sourcecode.swift; path = FriendsCell.swift; sourceTree = "<group>"; };
		2B98A8D0232423E100FA7895 /* Friend.swift */ = {isa = PBXFileReference; lastKnownFileType = sourcecode.swift; path = Friend.swift; sourceTree = "<group>"; };
		2B98A8D2232427F700FA7895 /* FriendsAPI.swift */ = {isa = PBXFileReference; lastKnownFileType = sourcecode.swift; path = FriendsAPI.swift; sourceTree = "<group>"; };
		2BA9C75E22FAB38C001A0DB5 /* ForgetPassword.swift */ = {isa = PBXFileReference; lastKnownFileType = sourcecode.swift; path = ForgetPassword.swift; sourceTree = "<group>"; };
		2BA9C76022FB6CD5001A0DB5 /* RoundUIView.swift */ = {isa = PBXFileReference; lastKnownFileType = sourcecode.swift; path = RoundUIView.swift; sourceTree = "<group>"; };
		2BBA19262367CA2A0045E82C /* AddFriendCell.swift */ = {isa = PBXFileReference; lastKnownFileType = sourcecode.swift; path = "\U0010AddFriendCell.swift"; sourceTree = "<group>"; };
		2BE5B57722F567B000B39563 /* Menu.swift */ = {isa = PBXFileReference; lastKnownFileType = sourcecode.swift; path = Menu.swift; sourceTree = "<group>"; };
		2BFDBE5D233570AE006143FD /* SettingsCell.swift */ = {isa = PBXFileReference; lastKnownFileType = sourcecode.swift; path = SettingsCell.swift; sourceTree = "<group>"; };
		2BFDBE5F23357CAD006143FD /* SettingsSection.swift */ = {isa = PBXFileReference; lastKnownFileType = sourcecode.swift; path = SettingsSection.swift; sourceTree = "<group>"; };
		47F66CEE35E658A85D423B5A /* Pods-Xplore.release.xcconfig */ = {isa = PBXFileReference; includeInIndex = 1; lastKnownFileType = text.xcconfig; name = "Pods-Xplore.release.xcconfig"; path = "Target Support Files/Pods-Xplore/Pods-Xplore.release.xcconfig"; sourceTree = "<group>"; };
		5EE5D4470D9A32823E16C27A /* Pods-Xplore.debug.xcconfig */ = {isa = PBXFileReference; includeInIndex = 1; lastKnownFileType = text.xcconfig; name = "Pods-Xplore.debug.xcconfig"; path = "Target Support Files/Pods-Xplore/Pods-Xplore.debug.xcconfig"; sourceTree = "<group>"; };
		66A6AA4AF24E2BC82359CE28 /* Pods-XploreTests.debug.xcconfig */ = {isa = PBXFileReference; includeInIndex = 1; lastKnownFileType = text.xcconfig; name = "Pods-XploreTests.debug.xcconfig"; path = "Target Support Files/Pods-XploreTests/Pods-XploreTests.debug.xcconfig"; sourceTree = "<group>"; };
		6AA38954BC207ECBEF3C30E3 /* Pods_Xplore.framework */ = {isa = PBXFileReference; explicitFileType = wrapper.framework; includeInIndex = 0; path = Pods_Xplore.framework; sourceTree = BUILT_PRODUCTS_DIR; };
		8A93B7878C29BF6A6816F1CB /* Pods_XploreUITests.framework */ = {isa = PBXFileReference; explicitFileType = wrapper.framework; includeInIndex = 0; path = Pods_XploreUITests.framework; sourceTree = BUILT_PRODUCTS_DIR; };
		9A254FBD73FB5DA5BADDBE36 /* Pods-XploreUITests.debug.xcconfig */ = {isa = PBXFileReference; includeInIndex = 1; lastKnownFileType = text.xcconfig; name = "Pods-XploreUITests.debug.xcconfig"; path = "Target Support Files/Pods-XploreUITests/Pods-XploreUITests.debug.xcconfig"; sourceTree = "<group>"; };
		ED603CA0B954E42587E581A0 /* Pods_XploreTests.framework */ = {isa = PBXFileReference; explicitFileType = wrapper.framework; includeInIndex = 0; path = Pods_XploreTests.framework; sourceTree = BUILT_PRODUCTS_DIR; };
		F1F8835B12AF5808FA44F0FD /* Pods-XploreTests.release.xcconfig */ = {isa = PBXFileReference; includeInIndex = 1; lastKnownFileType = text.xcconfig; name = "Pods-XploreTests.release.xcconfig"; path = "Target Support Files/Pods-XploreTests/Pods-XploreTests.release.xcconfig"; sourceTree = "<group>"; };
		F44CED8E22F99F8D0077138F /* User.swift */ = {isa = PBXFileReference; lastKnownFileType = sourcecode.swift; path = User.swift; sourceTree = "<group>"; };
		F44CED9322FB3B2C0077138F /* filter.jpg */ = {isa = PBXFileReference; lastKnownFileType = image.jpeg; path = filter.jpg; sourceTree = "<group>"; };
		F44CED9522FB3B2C0077138F /* menu.jpg */ = {isa = PBXFileReference; lastKnownFileType = image.jpeg; path = menu.jpg; sourceTree = "<group>"; };
		F44CED9D22FB3B310077138F /* settings.jpg */ = {isa = PBXFileReference; lastKnownFileType = image.jpeg; path = settings.jpg; sourceTree = "<group>"; };
		F44CED9F22FB42E40077138F /* FriendsViewController.swift */ = {isa = PBXFileReference; lastKnownFileType = sourcecode.swift; path = FriendsViewController.swift; sourceTree = "<group>"; };
		F44CEDC122FD43450077138F /* FilterViewController.swift */ = {isa = PBXFileReference; fileEncoding = 4; lastKnownFileType = sourcecode.swift; path = FilterViewController.swift; sourceTree = "<group>"; };
		F44CEDC522FD45F30077138F /* AddEventViewController.swift */ = {isa = PBXFileReference; fileEncoding = 4; lastKnownFileType = sourcecode.swift; path = AddEventViewController.swift; sourceTree = "<group>"; };
		F44CEDC722FD4AB30077138F /* SettingsViewController.swift */ = {isa = PBXFileReference; lastKnownFileType = sourcecode.swift; path = SettingsViewController.swift; sourceTree = "<group>"; };
		F456763923400D6B00938AA7 /* friends.png */ = {isa = PBXFileReference; lastKnownFileType = image.png; path = friends.png; sourceTree = "<group>"; };
		F456763A23400D6B00938AA7 /* map.png */ = {isa = PBXFileReference; lastKnownFileType = image.png; path = map.png; sourceTree = "<group>"; };
		F456763C23400D6C00938AA7 /* home.png */ = {isa = PBXFileReference; lastKnownFileType = image.png; path = home.png; sourceTree = "<group>"; };
		F45676412341791500938AA7 /* 100_map.png */ = {isa = PBXFileReference; lastKnownFileType = image.png; path = 100_map.png; sourceTree = "<group>"; };
		F45676422341791500938AA7 /* 100_new_event.png */ = {isa = PBXFileReference; lastKnownFileType = image.png; path = 100_new_event.png; sourceTree = "<group>"; };
		F45676432341791500938AA7 /* 100_friends.png */ = {isa = PBXFileReference; lastKnownFileType = image.png; path = 100_friends.png; sourceTree = "<group>"; };
		F45676442341791500938AA7 /* 100_home.png */ = {isa = PBXFileReference; lastKnownFileType = image.png; path = 100_home.png; sourceTree = "<group>"; };
		F4B258BE22F6BAD800E12BF4 /* SegueFromLeft.swift */ = {isa = PBXFileReference; lastKnownFileType = sourcecode.swift; path = SegueFromLeft.swift; sourceTree = "<group>"; };
		F4B258C022F6DE2D00E12BF4 /* SegueFromRight.swift */ = {isa = PBXFileReference; lastKnownFileType = sourcecode.swift; path = SegueFromRight.swift; sourceTree = "<group>"; };
		F4B258C422F6E51500E12BF4 /* Event.swift */ = {isa = PBXFileReference; lastKnownFileType = sourcecode.swift; path = Event.swift; sourceTree = "<group>"; };
		F4B258C822F6E96C00E12BF4 /* CircularAnnotationView.swift */ = {isa = PBXFileReference; fileEncoding = 4; lastKnownFileType = sourcecode.swift; path = CircularAnnotationView.swift; sourceTree = "<group>"; };
		F4B258CA22F6EB8A00E12BF4 /* Constants.swift */ = {isa = PBXFileReference; lastKnownFileType = sourcecode.swift; path = Constants.swift; sourceTree = "<group>"; };
		F4B258CC22F6ED4A00E12BF4 /* CustomPointAnnotation.swift */ = {isa = PBXFileReference; lastKnownFileType = sourcecode.swift; path = CustomPointAnnotation.swift; sourceTree = "<group>"; };
		F4B258CE22F6F83800E12BF4 /* third_party_vector_style.json */ = {isa = PBXFileReference; fileEncoding = 4; lastKnownFileType = text.json; path = third_party_vector_style.json; sourceTree = "<group>"; };
		F4B258D622F884BA00E12BF4 /* map_example.jpg */ = {isa = PBXFileReference; lastKnownFileType = image.jpeg; path = map_example.jpg; sourceTree = "<group>"; };
/* End PBXFileReference section */

/* Begin PBXFrameworksBuildPhase section */
		2B09A32122F265CF00F52209 /* Frameworks */ = {
			isa = PBXFrameworksBuildPhase;
			buildActionMask = 2147483647;
			files = (
				2B11E02C22F39668000A51F0 /* CoreLocation.framework in Frameworks */,
				530E0612EF78A6F051044666 /* Pods_Xplore.framework in Frameworks */,
			);
			runOnlyForDeploymentPostprocessing = 0;
		};
		2B09A33522F265D000F52209 /* Frameworks */ = {
			isa = PBXFrameworksBuildPhase;
			buildActionMask = 2147483647;
			files = (
				E402270DE27343D3205C478B /* Pods_XploreTests.framework in Frameworks */,
			);
			runOnlyForDeploymentPostprocessing = 0;
		};
		2B09A34022F265D000F52209 /* Frameworks */ = {
			isa = PBXFrameworksBuildPhase;
			buildActionMask = 2147483647;
			files = (
				308555F7145DE8FAA7556AF1 /* Pods_XploreUITests.framework in Frameworks */,
			);
			runOnlyForDeploymentPostprocessing = 0;
		};
/* End PBXFrameworksBuildPhase section */

/* Begin PBXGroup section */
		09BDDB52BF0BEC5E63F6FA5A /* Pods */ = {
			isa = PBXGroup;
			children = (
				5EE5D4470D9A32823E16C27A /* Pods-Xplore.debug.xcconfig */,
				47F66CEE35E658A85D423B5A /* Pods-Xplore.release.xcconfig */,
				66A6AA4AF24E2BC82359CE28 /* Pods-XploreTests.debug.xcconfig */,
				F1F8835B12AF5808FA44F0FD /* Pods-XploreTests.release.xcconfig */,
				9A254FBD73FB5DA5BADDBE36 /* Pods-XploreUITests.debug.xcconfig */,
				07F35D667554FE19FB2CFA63 /* Pods-XploreUITests.release.xcconfig */,
			);
			path = Pods;
			sourceTree = "<group>";
		};
		2B09A31B22F265CF00F52209 = {
			isa = PBXGroup;
			children = (
				2B09A32622F265CF00F52209 /* Xplore */,
				2B09A33B22F265D000F52209 /* XploreTests */,
				2B09A34622F265D000F52209 /* XploreUITests */,
				2B09A32522F265CF00F52209 /* Products */,
				2B11E02A22F39668000A51F0 /* Frameworks */,
				09BDDB52BF0BEC5E63F6FA5A /* Pods */,
			);
			sourceTree = "<group>";
		};
		2B09A32522F265CF00F52209 /* Products */ = {
			isa = PBXGroup;
			children = (
				2B09A32422F265CF00F52209 /* Xplore.app */,
				2B09A33822F265D000F52209 /* XploreTests.xctest */,
				2B09A34322F265D000F52209 /* XploreUITests.xctest */,
			);
			name = Products;
			sourceTree = "<group>";
		};
		2B09A32622F265CF00F52209 /* Xplore */ = {
			isa = PBXGroup;
			children = (
				F44CED9022FB3B1B0077138F /* temp UI */,
				F4B258C322F6E1BB00E12BF4 /* Custom classes */,
				F4B258C222F6E17800E12BF4 /* Login and Signup */,
				2B98A8CF2324238800FA7895 /* Friends */,
				2BFDBE5C23349A85006143FD /* Settings */,
				2B5565F4235D766A008E2B66 /* Bookmarks */,
				2B09A32722F265CF00F52209 /* AppDelegate.swift */,
				2B09A32B22F265CF00F52209 /* Main.storyboard */,
				2B1E3E5822F3F1CC00B1C90F /* InteractiveMap.swift */,
				2B1E3E5422F3EFCE00B1C90F /* Home.swift */,
				F44CEDC122FD43450077138F /* FilterViewController.swift */,
				F44CEDC522FD45F30077138F /* AddEventViewController.swift */,
				2B09A32E22F265D000F52209 /* Assets.xcassets */,
				2B09A33022F265D000F52209 /* LaunchScreen.storyboard */,
				2B09A33322F265D000F52209 /* Info.plist */,
				2B8B5B6322F55FE400BDEB23 /* GoogleService-Info.plist */,
			);
			path = Xplore;
			sourceTree = "<group>";
		};
		2B09A33B22F265D000F52209 /* XploreTests */ = {
			isa = PBXGroup;
			children = (
				2B09A33C22F265D000F52209 /* XploreTests.swift */,
				2B09A33E22F265D000F52209 /* Info.plist */,
			);
			path = XploreTests;
			sourceTree = "<group>";
		};
		2B09A34622F265D000F52209 /* XploreUITests */ = {
			isa = PBXGroup;
			children = (
				2B09A34722F265D000F52209 /* XploreUITests.swift */,
				2B09A34922F265D000F52209 /* Info.plist */,
			);
			path = XploreUITests;
			sourceTree = "<group>";
		};
		2B11E02A22F39668000A51F0 /* Frameworks */ = {
			isa = PBXGroup;
			children = (
				2B11E02B22F39668000A51F0 /* CoreLocation.framework */,
				6AA38954BC207ECBEF3C30E3 /* Pods_Xplore.framework */,
				ED603CA0B954E42587E581A0 /* Pods_XploreTests.framework */,
				8A93B7878C29BF6A6816F1CB /* Pods_XploreUITests.framework */,
			);
			name = Frameworks;
			sourceTree = "<group>";
		};
		2B5565F4235D766A008E2B66 /* Bookmarks */ = {
			isa = PBXGroup;
			children = (
				2B5565F5235D76C0008E2B66 /* Bookmark.swift */,
				2B5565F7235D76D4008E2B66 /* BookmarksAPI.swift */,
				2B5565F9235D8BFD008E2B66 /* BookmarkCell.swift */,
			);
			path = Bookmarks;
			sourceTree = "<group>";
		};
		2B98A8CF2324238800FA7895 /* Friends */ = {
			isa = PBXGroup;
			children = (
				F44CED9F22FB42E40077138F /* FriendsViewController.swift */,
				2B907CA4234888170021EF98 /* FriendsCell.swift */,
				2B98A8D0232423E100FA7895 /* Friend.swift */,
				2B98A8D2232427F700FA7895 /* FriendsAPI.swift */,
				2B5565F0235D736C008E2B66 /* AddFriendViewController.swift */,
				2BBA19262367CA2A0045E82C /* AddFriendCell.swift */,
			);
			path = Friends;
			sourceTree = "<group>";
		};
		2BFDBE5C23349A85006143FD /* Settings */ = {
			isa = PBXGroup;
			children = (
				F44CEDC722FD4AB30077138F /* SettingsViewController.swift */,
				2BFDBE5D233570AE006143FD /* SettingsCell.swift */,
				2BFDBE5F23357CAD006143FD /* SettingsSection.swift */,
				2B907C9E23454D3F0021EF98 /* Privacy.swift */,
				2B907CA2234575DA0021EF98 /* ToS.swift */,
			);
			path = Settings;
			sourceTree = "<group>";
		};
		F44CED9022FB3B1B0077138F /* temp UI */ = {
			isa = PBXGroup;
			children = (
				F4B258D622F884BA00E12BF4 /* map_example.jpg */,
				F4B258CE22F6F83800E12BF4 /* third_party_vector_style.json */,
				F44CED9322FB3B2C0077138F /* filter.jpg */,
				F44CED9D22FB3B310077138F /* settings.jpg */,
				F456763923400D6B00938AA7 /* friends.png */,
				F45676432341791500938AA7 /* 100_friends.png */,
				F45676442341791500938AA7 /* 100_home.png */,
				F45676412341791500938AA7 /* 100_map.png */,
				F45676422341791500938AA7 /* 100_new_event.png */,
				F456763C23400D6C00938AA7 /* home.png */,
				F456763A23400D6B00938AA7 /* map.png */,
				F44CED9522FB3B2C0077138F /* menu.jpg */,
			);
			path = "temp UI";
			sourceTree = "<group>";
		};
		F4B258C222F6E17800E12BF4 /* Login and Signup */ = {
			isa = PBXGroup;
			children = (
				2B7F870022F672A800347911 /* SignUp.swift */,
				2B13DB2C22F93DD400E5DD31 /* LoginButton.swift */,
				2BE5B57722F567B000B39563 /* Menu.swift */,
				2BA9C75E22FAB38C001A0DB5 /* ForgetPassword.swift */,
				2BA9C76022FB6CD5001A0DB5 /* RoundUIView.swift */,
			);
			path = "Login and Signup";
			sourceTree = "<group>";
		};
		F4B258C322F6E1BB00E12BF4 /* Custom classes */ = {
			isa = PBXGroup;
			children = (
				F4B258CA22F6EB8A00E12BF4 /* Constants.swift */,
				F4B258C822F6E96C00E12BF4 /* CircularAnnotationView.swift */,
				F4B258BE22F6BAD800E12BF4 /* SegueFromLeft.swift */,
				F4B258C422F6E51500E12BF4 /* Event.swift */,
				F44CED8E22F99F8D0077138F /* User.swift */,
				F4B258C022F6DE2D00E12BF4 /* SegueFromRight.swift */,
				2B7F870222F68FEA00347911 /* RoundedWhiteButton.swift */,
				F4B258CC22F6ED4A00E12BF4 /* CustomPointAnnotation.swift */,
			);
			path = "Custom classes";
			sourceTree = "<group>";
		};
/* End PBXGroup section */

/* Begin PBXNativeTarget section */
		2B09A32322F265CF00F52209 /* Xplore */ = {
			isa = PBXNativeTarget;
			buildConfigurationList = 2B09A34C22F265D000F52209 /* Build configuration list for PBXNativeTarget "Xplore" */;
			buildPhases = (
				1B693B21E034452219D2404E /* [CP] Check Pods Manifest.lock */,
				2B09A32022F265CF00F52209 /* Sources */,
				2B09A32122F265CF00F52209 /* Frameworks */,
				2B09A32222F265CF00F52209 /* Resources */,
				2B11E03722F3C4F7000A51F0 /* Embed Frameworks */,
				C05EEFD7F20EE96DFE20F1F0 /* [CP] Embed Pods Frameworks */,
				F1292F17DFD6A13CDAFC4327 /* [CP] Copy Pods Resources */,
			);
			buildRules = (
			);
			dependencies = (
			);
			name = Xplore;
			productName = Xplore;
			productReference = 2B09A32422F265CF00F52209 /* Xplore.app */;
			productType = "com.apple.product-type.application";
		};
		2B09A33722F265D000F52209 /* XploreTests */ = {
			isa = PBXNativeTarget;
			buildConfigurationList = 2B09A34F22F265D000F52209 /* Build configuration list for PBXNativeTarget "XploreTests" */;
			buildPhases = (
				B45557F834A8637D5D7EE884 /* [CP] Check Pods Manifest.lock */,
				2B09A33422F265D000F52209 /* Sources */,
				2B09A33522F265D000F52209 /* Frameworks */,
				2B09A33622F265D000F52209 /* Resources */,
			);
			buildRules = (
			);
			dependencies = (
				2B09A33A22F265D000F52209 /* PBXTargetDependency */,
			);
			name = XploreTests;
			productName = XploreTests;
			productReference = 2B09A33822F265D000F52209 /* XploreTests.xctest */;
			productType = "com.apple.product-type.bundle.unit-test";
		};
		2B09A34222F265D000F52209 /* XploreUITests */ = {
			isa = PBXNativeTarget;
			buildConfigurationList = 2B09A35222F265D000F52209 /* Build configuration list for PBXNativeTarget "XploreUITests" */;
			buildPhases = (
				20F325286869232057FBE74D /* [CP] Check Pods Manifest.lock */,
				2B09A33F22F265D000F52209 /* Sources */,
				2B09A34022F265D000F52209 /* Frameworks */,
				2B09A34122F265D000F52209 /* Resources */,
			);
			buildRules = (
			);
			dependencies = (
				2B09A34522F265D000F52209 /* PBXTargetDependency */,
			);
			name = XploreUITests;
			productName = XploreUITests;
			productReference = 2B09A34322F265D000F52209 /* XploreUITests.xctest */;
			productType = "com.apple.product-type.bundle.ui-testing";
		};
/* End PBXNativeTarget section */

/* Begin PBXProject section */
		2B09A31C22F265CF00F52209 /* Project object */ = {
			isa = PBXProject;
			attributes = {
				LastSwiftUpdateCheck = 1030;
				LastUpgradeCheck = 1030;
				ORGANIZATIONNAME = "Kevin Jiang";
				TargetAttributes = {
					2B09A32322F265CF00F52209 = {
						CreatedOnToolsVersion = 10.3;
					};
					2B09A33722F265D000F52209 = {
						CreatedOnToolsVersion = 10.3;
						TestTargetID = 2B09A32322F265CF00F52209;
					};
					2B09A34222F265D000F52209 = {
						CreatedOnToolsVersion = 10.3;
						TestTargetID = 2B09A32322F265CF00F52209;
					};
				};
			};
			buildConfigurationList = 2B09A31F22F265CF00F52209 /* Build configuration list for PBXProject "Xplore" */;
			compatibilityVersion = "Xcode 9.3";
			developmentRegion = en;
			hasScannedForEncodings = 0;
			knownRegions = (
				en,
				Base,
			);
			mainGroup = 2B09A31B22F265CF00F52209;
			productRefGroup = 2B09A32522F265CF00F52209 /* Products */;
			projectDirPath = "";
			projectRoot = "";
			targets = (
				2B09A32322F265CF00F52209 /* Xplore */,
				2B09A33722F265D000F52209 /* XploreTests */,
				2B09A34222F265D000F52209 /* XploreUITests */,
			);
		};
/* End PBXProject section */

/* Begin PBXResourcesBuildPhase section */
		2B09A32222F265CF00F52209 /* Resources */ = {
			isa = PBXResourcesBuildPhase;
			buildActionMask = 2147483647;
			files = (
				2B09A33222F265D000F52209 /* LaunchScreen.storyboard in Resources */,
				F44CED9B22FB3B2C0077138F /* menu.jpg in Resources */,
				2B8B5B6422F55FE400BDEB23 /* GoogleService-Info.plist in Resources */,
				F4B258CF22F6F83900E12BF4 /* third_party_vector_style.json in Resources */,
				2B09A32F22F265D000F52209 /* Assets.xcassets in Resources */,
				F456763E23400D6C00938AA7 /* map.png in Resources */,
				2B09A32D22F265CF00F52209 /* Main.storyboard in Resources */,
				F44CED9E22FB3B310077138F /* settings.jpg in Resources */,
				F456763D23400D6C00938AA7 /* friends.png in Resources */,
				F45676482341791500938AA7 /* 100_home.png in Resources */,
				F4B258D722F884BA00E12BF4 /* map_example.jpg in Resources */,
				F45676452341791500938AA7 /* 100_map.png in Resources */,
				F45676462341791500938AA7 /* 100_new_event.png in Resources */,
				F456764023400D6C00938AA7 /* home.png in Resources */,
				F45676472341791500938AA7 /* 100_friends.png in Resources */,
				F44CED9922FB3B2C0077138F /* filter.jpg in Resources */,
			);
			runOnlyForDeploymentPostprocessing = 0;
		};
		2B09A33622F265D000F52209 /* Resources */ = {
			isa = PBXResourcesBuildPhase;
			buildActionMask = 2147483647;
			files = (
				2B8B5B6522F55FE400BDEB23 /* GoogleService-Info.plist in Resources */,
			);
			runOnlyForDeploymentPostprocessing = 0;
		};
		2B09A34122F265D000F52209 /* Resources */ = {
			isa = PBXResourcesBuildPhase;
			buildActionMask = 2147483647;
			files = (
				2B8B5B6622F55FE400BDEB23 /* GoogleService-Info.plist in Resources */,
			);
			runOnlyForDeploymentPostprocessing = 0;
		};
/* End PBXResourcesBuildPhase section */

/* Begin PBXShellScriptBuildPhase section */
		1B693B21E034452219D2404E /* [CP] Check Pods Manifest.lock */ = {
			isa = PBXShellScriptBuildPhase;
			buildActionMask = 2147483647;
			files = (
			);
			inputFileListPaths = (
			);
			inputPaths = (
				"${PODS_PODFILE_DIR_PATH}/Podfile.lock",
				"${PODS_ROOT}/Manifest.lock",
			);
			name = "[CP] Check Pods Manifest.lock";
			outputFileListPaths = (
			);
			outputPaths = (
				"$(DERIVED_FILE_DIR)/Pods-Xplore-checkManifestLockResult.txt",
			);
			runOnlyForDeploymentPostprocessing = 0;
			shellPath = /bin/sh;
			shellScript = "diff \"${PODS_PODFILE_DIR_PATH}/Podfile.lock\" \"${PODS_ROOT}/Manifest.lock\" > /dev/null\nif [ $? != 0 ] ; then\n    # print error to STDERR\n    echo \"error: The sandbox is not in sync with the Podfile.lock. Run 'pod install' or update your CocoaPods installation.\" >&2\n    exit 1\nfi\n# This output is used by Xcode 'outputs' to avoid re-running this script phase.\necho \"SUCCESS\" > \"${SCRIPT_OUTPUT_FILE_0}\"\n";
			showEnvVarsInLog = 0;
		};
		20F325286869232057FBE74D /* [CP] Check Pods Manifest.lock */ = {
			isa = PBXShellScriptBuildPhase;
			buildActionMask = 2147483647;
			files = (
			);
			inputFileListPaths = (
			);
			inputPaths = (
				"${PODS_PODFILE_DIR_PATH}/Podfile.lock",
				"${PODS_ROOT}/Manifest.lock",
			);
			name = "[CP] Check Pods Manifest.lock";
			outputFileListPaths = (
			);
			outputPaths = (
				"$(DERIVED_FILE_DIR)/Pods-XploreUITests-checkManifestLockResult.txt",
			);
			runOnlyForDeploymentPostprocessing = 0;
			shellPath = /bin/sh;
			shellScript = "diff \"${PODS_PODFILE_DIR_PATH}/Podfile.lock\" \"${PODS_ROOT}/Manifest.lock\" > /dev/null\nif [ $? != 0 ] ; then\n    # print error to STDERR\n    echo \"error: The sandbox is not in sync with the Podfile.lock. Run 'pod install' or update your CocoaPods installation.\" >&2\n    exit 1\nfi\n# This output is used by Xcode 'outputs' to avoid re-running this script phase.\necho \"SUCCESS\" > \"${SCRIPT_OUTPUT_FILE_0}\"\n";
			showEnvVarsInLog = 0;
		};
		B45557F834A8637D5D7EE884 /* [CP] Check Pods Manifest.lock */ = {
			isa = PBXShellScriptBuildPhase;
			buildActionMask = 2147483647;
			files = (
			);
			inputFileListPaths = (
			);
			inputPaths = (
				"${PODS_PODFILE_DIR_PATH}/Podfile.lock",
				"${PODS_ROOT}/Manifest.lock",
			);
			name = "[CP] Check Pods Manifest.lock";
			outputFileListPaths = (
			);
			outputPaths = (
				"$(DERIVED_FILE_DIR)/Pods-XploreTests-checkManifestLockResult.txt",
			);
			runOnlyForDeploymentPostprocessing = 0;
			shellPath = /bin/sh;
			shellScript = "diff \"${PODS_PODFILE_DIR_PATH}/Podfile.lock\" \"${PODS_ROOT}/Manifest.lock\" > /dev/null\nif [ $? != 0 ] ; then\n    # print error to STDERR\n    echo \"error: The sandbox is not in sync with the Podfile.lock. Run 'pod install' or update your CocoaPods installation.\" >&2\n    exit 1\nfi\n# This output is used by Xcode 'outputs' to avoid re-running this script phase.\necho \"SUCCESS\" > \"${SCRIPT_OUTPUT_FILE_0}\"\n";
			showEnvVarsInLog = 0;
		};
		C05EEFD7F20EE96DFE20F1F0 /* [CP] Embed Pods Frameworks */ = {
			isa = PBXShellScriptBuildPhase;
			buildActionMask = 2147483647;
			files = (
			);
			inputFileListPaths = (
				"${PODS_ROOT}/Target Support Files/Pods-Xplore/Pods-Xplore-frameworks-${CONFIGURATION}-input-files.xcfilelist",
			);
			name = "[CP] Embed Pods Frameworks";
			outputFileListPaths = (
				"${PODS_ROOT}/Target Support Files/Pods-Xplore/Pods-Xplore-frameworks-${CONFIGURATION}-output-files.xcfilelist",
			);
			runOnlyForDeploymentPostprocessing = 0;
			shellPath = /bin/sh;
			shellScript = "\"${PODS_ROOT}/Target Support Files/Pods-Xplore/Pods-Xplore-frameworks.sh\"\n";
			showEnvVarsInLog = 0;
		};
		F1292F17DFD6A13CDAFC4327 /* [CP] Copy Pods Resources */ = {
			isa = PBXShellScriptBuildPhase;
			buildActionMask = 2147483647;
			files = (
			);
			inputFileListPaths = (
				"${PODS_ROOT}/Target Support Files/Pods-Xplore/Pods-Xplore-resources-${CONFIGURATION}-input-files.xcfilelist",
			);
			name = "[CP] Copy Pods Resources";
			outputFileListPaths = (
				"${PODS_ROOT}/Target Support Files/Pods-Xplore/Pods-Xplore-resources-${CONFIGURATION}-output-files.xcfilelist",
			);
			runOnlyForDeploymentPostprocessing = 0;
			shellPath = /bin/sh;
			shellScript = "\"${PODS_ROOT}/Target Support Files/Pods-Xplore/Pods-Xplore-resources.sh\"\n";
			showEnvVarsInLog = 0;
		};
/* End PBXShellScriptBuildPhase section */

/* Begin PBXSourcesBuildPhase section */
		2B09A32022F265CF00F52209 /* Sources */ = {
			isa = PBXSourcesBuildPhase;
			buildActionMask = 2147483647;
			files = (
				2BBA19272367CA2A0045E82C /* AddFriendCell.swift in Sources */,
				2BFDBE5E233570AE006143FD /* SettingsCell.swift in Sources */,
				F44CEDA022FB42E40077138F /* FriendsViewController.swift in Sources */,
				2B907CA3234575DA0021EF98 /* ToS.swift in Sources */,
				2B5565FA235D8BFD008E2B66 /* BookmarkCell.swift in Sources */,
				F4B258CD22F6ED4A00E12BF4 /* CustomPointAnnotation.swift in Sources */,
				F4B258BF22F6BAD800E12BF4 /* SegueFromLeft.swift in Sources */,
				F44CEDC822FD4AB30077138F /* SettingsViewController.swift in Sources */,
				F4B258C522F6E51500E12BF4 /* Event.swift in Sources */,
				2BFDBE6023357CAD006143FD /* SettingsSection.swift in Sources */,
				2B5565F1235D736C008E2B66 /* AddFriendViewController.swift in Sources */,
				2B7F870122F672A800347911 /* SignUp.swift in Sources */,
				2B7F870322F68FEA00347911 /* RoundedWhiteButton.swift in Sources */,
				2B5565F6235D76C0008E2B66 /* Bookmark.swift in Sources */,
				2BE5B57822F567B000B39563 /* Menu.swift in Sources */,
				2B1E3E5622F3EFCE00B1C90F /* Home.swift in Sources */,
				F44CED8F22F99F8D0077138F /* User.swift in Sources */,
				2BA9C75F22FAB38C001A0DB5 /* ForgetPassword.swift in Sources */,
				2B5565F8235D76D4008E2B66 /* BookmarksAPI.swift in Sources */,
				F4B258CB22F6EB8A00E12BF4 /* Constants.swift in Sources */,
				F44CEDC222FD43450077138F /* FilterViewController.swift in Sources */,
				F4B258C122F6DE2D00E12BF4 /* SegueFromRight.swift in Sources */,
				2B13DB2D22F93DD400E5DD31 /* LoginButton.swift in Sources */,
				2B09A32822F265CF00F52209 /* AppDelegate.swift in Sources */,
				2B907CA5234888170021EF98 /* FriendsCell.swift in Sources */,
				2B98A8D1232423E100FA7895 /* Friend.swift in Sources */,
				2BA9C76122FB6CD5001A0DB5 /* RoundUIView.swift in Sources */,
				F4B258C922F6E96C00E12BF4 /* CircularAnnotationView.swift in Sources */,
				2B907C9F23454D3F0021EF98 /* Privacy.swift in Sources */,
				2B1E3E5A22F3F1CC00B1C90F /* InteractiveMap.swift in Sources */,
				2B98A8D3232427F700FA7895 /* FriendsAPI.swift in Sources */,
				F44CEDC622FD45F30077138F /* AddEventViewController.swift in Sources */,
			);
			runOnlyForDeploymentPostprocessing = 0;
		};
		2B09A33422F265D000F52209 /* Sources */ = {
			isa = PBXSourcesBuildPhase;
			buildActionMask = 2147483647;
			files = (
				2B09A33D22F265D000F52209 /* XploreTests.swift in Sources */,
			);
			runOnlyForDeploymentPostprocessing = 0;
		};
		2B09A33F22F265D000F52209 /* Sources */ = {
			isa = PBXSourcesBuildPhase;
			buildActionMask = 2147483647;
			files = (
				2B09A34822F265D000F52209 /* XploreUITests.swift in Sources */,
			);
			runOnlyForDeploymentPostprocessing = 0;
		};
/* End PBXSourcesBuildPhase section */

/* Begin PBXTargetDependency section */
		2B09A33A22F265D000F52209 /* PBXTargetDependency */ = {
			isa = PBXTargetDependency;
			target = 2B09A32322F265CF00F52209 /* Xplore */;
			targetProxy = 2B09A33922F265D000F52209 /* PBXContainerItemProxy */;
		};
		2B09A34522F265D000F52209 /* PBXTargetDependency */ = {
			isa = PBXTargetDependency;
			target = 2B09A32322F265CF00F52209 /* Xplore */;
			targetProxy = 2B09A34422F265D000F52209 /* PBXContainerItemProxy */;
		};
/* End PBXTargetDependency section */

/* Begin PBXVariantGroup section */
		2B09A32B22F265CF00F52209 /* Main.storyboard */ = {
			isa = PBXVariantGroup;
			children = (
				2B09A32C22F265CF00F52209 /* Base */,
			);
			name = Main.storyboard;
			sourceTree = "<group>";
		};
		2B09A33022F265D000F52209 /* LaunchScreen.storyboard */ = {
			isa = PBXVariantGroup;
			children = (
				2B09A33122F265D000F52209 /* Base */,
			);
			name = LaunchScreen.storyboard;
			sourceTree = "<group>";
		};
/* End PBXVariantGroup section */

/* Begin XCBuildConfiguration section */
		2B09A34A22F265D000F52209 /* Debug */ = {
			isa = XCBuildConfiguration;
			buildSettings = {
				ALWAYS_SEARCH_USER_PATHS = NO;
				CLANG_ANALYZER_NONNULL = YES;
				CLANG_ANALYZER_NUMBER_OBJECT_CONVERSION = YES_AGGRESSIVE;
				CLANG_CXX_LANGUAGE_STANDARD = "gnu++14";
				CLANG_CXX_LIBRARY = "libc++";
				CLANG_ENABLE_MODULES = YES;
				CLANG_ENABLE_OBJC_ARC = YES;
				CLANG_ENABLE_OBJC_WEAK = YES;
				CLANG_WARN_BLOCK_CAPTURE_AUTORELEASING = YES;
				CLANG_WARN_BOOL_CONVERSION = YES;
				CLANG_WARN_COMMA = YES;
				CLANG_WARN_CONSTANT_CONVERSION = YES;
				CLANG_WARN_DEPRECATED_OBJC_IMPLEMENTATIONS = YES;
				CLANG_WARN_DIRECT_OBJC_ISA_USAGE = YES_ERROR;
				CLANG_WARN_DOCUMENTATION_COMMENTS = YES;
				CLANG_WARN_EMPTY_BODY = YES;
				CLANG_WARN_ENUM_CONVERSION = YES;
				CLANG_WARN_INFINITE_RECURSION = YES;
				CLANG_WARN_INT_CONVERSION = YES;
				CLANG_WARN_NON_LITERAL_NULL_CONVERSION = YES;
				CLANG_WARN_OBJC_IMPLICIT_RETAIN_SELF = YES;
				CLANG_WARN_OBJC_LITERAL_CONVERSION = YES;
				CLANG_WARN_OBJC_ROOT_CLASS = YES_ERROR;
				CLANG_WARN_RANGE_LOOP_ANALYSIS = YES;
				CLANG_WARN_STRICT_PROTOTYPES = YES;
				CLANG_WARN_SUSPICIOUS_MOVE = YES;
				CLANG_WARN_UNGUARDED_AVAILABILITY = YES_AGGRESSIVE;
				CLANG_WARN_UNREACHABLE_CODE = YES;
				CLANG_WARN__DUPLICATE_METHOD_MATCH = YES;
				CODE_SIGN_IDENTITY = "iPhone Developer";
				COPY_PHASE_STRIP = NO;
				DEBUG_INFORMATION_FORMAT = dwarf;
				ENABLE_BITCODE = NO;
				ENABLE_STRICT_OBJC_MSGSEND = YES;
				ENABLE_TESTABILITY = YES;
				GCC_C_LANGUAGE_STANDARD = gnu11;
				GCC_DYNAMIC_NO_PIC = NO;
				GCC_NO_COMMON_BLOCKS = YES;
				GCC_OPTIMIZATION_LEVEL = 0;
				GCC_PREPROCESSOR_DEFINITIONS = (
					"DEBUG=1",
					"$(inherited)",
				);
				GCC_WARN_64_TO_32_BIT_CONVERSION = YES;
				GCC_WARN_ABOUT_RETURN_TYPE = YES_ERROR;
				GCC_WARN_UNDECLARED_SELECTOR = YES;
				GCC_WARN_UNINITIALIZED_AUTOS = YES_AGGRESSIVE;
				GCC_WARN_UNUSED_FUNCTION = YES;
				GCC_WARN_UNUSED_VARIABLE = YES;
				IPHONEOS_DEPLOYMENT_TARGET = 12.4;
				MTL_ENABLE_DEBUG_INFO = INCLUDE_SOURCE;
				MTL_FAST_MATH = YES;
				ONLY_ACTIVE_ARCH = YES;
				SDKROOT = iphoneos;
				SWIFT_ACTIVE_COMPILATION_CONDITIONS = DEBUG;
				SWIFT_OPTIMIZATION_LEVEL = "-Onone";
			};
			name = Debug;
		};
		2B09A34B22F265D000F52209 /* Release */ = {
			isa = XCBuildConfiguration;
			buildSettings = {
				ALWAYS_SEARCH_USER_PATHS = NO;
				CLANG_ANALYZER_NONNULL = YES;
				CLANG_ANALYZER_NUMBER_OBJECT_CONVERSION = YES_AGGRESSIVE;
				CLANG_CXX_LANGUAGE_STANDARD = "gnu++14";
				CLANG_CXX_LIBRARY = "libc++";
				CLANG_ENABLE_MODULES = YES;
				CLANG_ENABLE_OBJC_ARC = YES;
				CLANG_ENABLE_OBJC_WEAK = YES;
				CLANG_WARN_BLOCK_CAPTURE_AUTORELEASING = YES;
				CLANG_WARN_BOOL_CONVERSION = YES;
				CLANG_WARN_COMMA = YES;
				CLANG_WARN_CONSTANT_CONVERSION = YES;
				CLANG_WARN_DEPRECATED_OBJC_IMPLEMENTATIONS = YES;
				CLANG_WARN_DIRECT_OBJC_ISA_USAGE = YES_ERROR;
				CLANG_WARN_DOCUMENTATION_COMMENTS = YES;
				CLANG_WARN_EMPTY_BODY = YES;
				CLANG_WARN_ENUM_CONVERSION = YES;
				CLANG_WARN_INFINITE_RECURSION = YES;
				CLANG_WARN_INT_CONVERSION = YES;
				CLANG_WARN_NON_LITERAL_NULL_CONVERSION = YES;
				CLANG_WARN_OBJC_IMPLICIT_RETAIN_SELF = YES;
				CLANG_WARN_OBJC_LITERAL_CONVERSION = YES;
				CLANG_WARN_OBJC_ROOT_CLASS = YES_ERROR;
				CLANG_WARN_RANGE_LOOP_ANALYSIS = YES;
				CLANG_WARN_STRICT_PROTOTYPES = YES;
				CLANG_WARN_SUSPICIOUS_MOVE = YES;
				CLANG_WARN_UNGUARDED_AVAILABILITY = YES_AGGRESSIVE;
				CLANG_WARN_UNREACHABLE_CODE = YES;
				CLANG_WARN__DUPLICATE_METHOD_MATCH = YES;
				CODE_SIGN_IDENTITY = "iPhone Developer";
				COPY_PHASE_STRIP = NO;
				DEBUG_INFORMATION_FORMAT = "dwarf-with-dsym";
				ENABLE_BITCODE = NO;
				ENABLE_NS_ASSERTIONS = NO;
				ENABLE_STRICT_OBJC_MSGSEND = YES;
				GCC_C_LANGUAGE_STANDARD = gnu11;
				GCC_NO_COMMON_BLOCKS = YES;
				GCC_WARN_64_TO_32_BIT_CONVERSION = YES;
				GCC_WARN_ABOUT_RETURN_TYPE = YES_ERROR;
				GCC_WARN_UNDECLARED_SELECTOR = YES;
				GCC_WARN_UNINITIALIZED_AUTOS = YES_AGGRESSIVE;
				GCC_WARN_UNUSED_FUNCTION = YES;
				GCC_WARN_UNUSED_VARIABLE = YES;
				IPHONEOS_DEPLOYMENT_TARGET = 12.4;
				MTL_ENABLE_DEBUG_INFO = NO;
				MTL_FAST_MATH = YES;
				SDKROOT = iphoneos;
				SWIFT_COMPILATION_MODE = wholemodule;
				SWIFT_OPTIMIZATION_LEVEL = "-O";
				VALIDATE_PRODUCT = YES;
			};
			name = Release;
		};
		2B09A34D22F265D000F52209 /* Debug */ = {
			isa = XCBuildConfiguration;
			baseConfigurationReference = 5EE5D4470D9A32823E16C27A /* Pods-Xplore.debug.xcconfig */;
			buildSettings = {
				ASSETCATALOG_COMPILER_APPICON_NAME = AppIcon;
				CODE_SIGN_STYLE = Automatic;
				DEVELOPMENT_TEAM = D3U7988G6Z;
				FRAMEWORK_SEARCH_PATHS = (
					"$(inherited)",
					"$(PROJECT_DIR)",
				);
				INFOPLIST_FILE = Xplore/Info.plist;
				IPHONEOS_DEPLOYMENT_TARGET = 12.4;
				LD_RUNPATH_SEARCH_PATHS = (
					"$(inherited)",
					"@executable_path/Frameworks",
				);
				PRODUCT_BUNDLE_IDENTIFIER = MIT.Xplore;
				PRODUCT_NAME = "$(TARGET_NAME)";
				SWIFT_VERSION = 5.0;
				TARGETED_DEVICE_FAMILY = "1,2";
			};
			name = Debug;
		};
		2B09A34E22F265D000F52209 /* Release */ = {
			isa = XCBuildConfiguration;
			baseConfigurationReference = 47F66CEE35E658A85D423B5A /* Pods-Xplore.release.xcconfig */;
			buildSettings = {
				ASSETCATALOG_COMPILER_APPICON_NAME = AppIcon;
				CODE_SIGN_STYLE = Automatic;
				DEVELOPMENT_TEAM = D3U7988G6Z;
				FRAMEWORK_SEARCH_PATHS = (
					"$(inherited)",
					"$(PROJECT_DIR)",
				);
				INFOPLIST_FILE = Xplore/Info.plist;
				IPHONEOS_DEPLOYMENT_TARGET = 12.4;
				LD_RUNPATH_SEARCH_PATHS = (
					"$(inherited)",
					"@executable_path/Frameworks",
				);
				PRODUCT_BUNDLE_IDENTIFIER = MIT.Xplore;
				PRODUCT_NAME = "$(TARGET_NAME)";
				SWIFT_VERSION = 5.0;
				TARGETED_DEVICE_FAMILY = "1,2";
			};
			name = Release;
		};
		2B09A35022F265D000F52209 /* Debug */ = {
			isa = XCBuildConfiguration;
			baseConfigurationReference = 66A6AA4AF24E2BC82359CE28 /* Pods-XploreTests.debug.xcconfig */;
			buildSettings = {
				ALWAYS_EMBED_SWIFT_STANDARD_LIBRARIES = YES;
				BUNDLE_LOADER = "$(TEST_HOST)";
				CODE_SIGN_STYLE = Automatic;
				INFOPLIST_FILE = XploreTests/Info.plist;
				LD_RUNPATH_SEARCH_PATHS = (
					"$(inherited)",
					"@executable_path/Frameworks",
					"@loader_path/Frameworks",
				);
				PRODUCT_BUNDLE_IDENTIFIER = MIT.XploreTests;
				PRODUCT_NAME = "$(TARGET_NAME)";
				SWIFT_VERSION = 5.0;
				TARGETED_DEVICE_FAMILY = "1,2";
				TEST_HOST = "$(BUILT_PRODUCTS_DIR)/Xplore.app/Xplore";
			};
			name = Debug;
		};
		2B09A35122F265D000F52209 /* Release */ = {
			isa = XCBuildConfiguration;
			baseConfigurationReference = F1F8835B12AF5808FA44F0FD /* Pods-XploreTests.release.xcconfig */;
			buildSettings = {
				ALWAYS_EMBED_SWIFT_STANDARD_LIBRARIES = YES;
				BUNDLE_LOADER = "$(TEST_HOST)";
				CODE_SIGN_STYLE = Automatic;
				INFOPLIST_FILE = XploreTests/Info.plist;
				LD_RUNPATH_SEARCH_PATHS = (
					"$(inherited)",
					"@executable_path/Frameworks",
					"@loader_path/Frameworks",
				);
				PRODUCT_BUNDLE_IDENTIFIER = MIT.XploreTests;
				PRODUCT_NAME = "$(TARGET_NAME)";
				SWIFT_VERSION = 5.0;
				TARGETED_DEVICE_FAMILY = "1,2";
				TEST_HOST = "$(BUILT_PRODUCTS_DIR)/Xplore.app/Xplore";
			};
			name = Release;
		};
		2B09A35322F265D000F52209 /* Debug */ = {
			isa = XCBuildConfiguration;
			baseConfigurationReference = 9A254FBD73FB5DA5BADDBE36 /* Pods-XploreUITests.debug.xcconfig */;
			buildSettings = {
				ALWAYS_EMBED_SWIFT_STANDARD_LIBRARIES = YES;
				CODE_SIGN_STYLE = Automatic;
				INFOPLIST_FILE = XploreUITests/Info.plist;
				LD_RUNPATH_SEARCH_PATHS = (
					"$(inherited)",
					"@executable_path/Frameworks",
					"@loader_path/Frameworks",
				);
				PRODUCT_BUNDLE_IDENTIFIER = MIT.XploreUITests;
				PRODUCT_NAME = "$(TARGET_NAME)";
				SWIFT_VERSION = 5.0;
				TARGETED_DEVICE_FAMILY = "1,2";
				TEST_TARGET_NAME = Xplore;
			};
			name = Debug;
		};
		2B09A35422F265D000F52209 /* Release */ = {
			isa = XCBuildConfiguration;
			baseConfigurationReference = 07F35D667554FE19FB2CFA63 /* Pods-XploreUITests.release.xcconfig */;
			buildSettings = {
				ALWAYS_EMBED_SWIFT_STANDARD_LIBRARIES = YES;
				CODE_SIGN_STYLE = Automatic;
				INFOPLIST_FILE = XploreUITests/Info.plist;
				LD_RUNPATH_SEARCH_PATHS = (
					"$(inherited)",
					"@executable_path/Frameworks",
					"@loader_path/Frameworks",
				);
				PRODUCT_BUNDLE_IDENTIFIER = MIT.XploreUITests;
				PRODUCT_NAME = "$(TARGET_NAME)";
				SWIFT_VERSION = 5.0;
				TARGETED_DEVICE_FAMILY = "1,2";
				TEST_TARGET_NAME = Xplore;
			};
			name = Release;
		};
/* End XCBuildConfiguration section */

/* Begin XCConfigurationList section */
		2B09A31F22F265CF00F52209 /* Build configuration list for PBXProject "Xplore" */ = {
			isa = XCConfigurationList;
			buildConfigurations = (
				2B09A34A22F265D000F52209 /* Debug */,
				2B09A34B22F265D000F52209 /* Release */,
			);
			defaultConfigurationIsVisible = 0;
			defaultConfigurationName = Release;
		};
		2B09A34C22F265D000F52209 /* Build configuration list for PBXNativeTarget "Xplore" */ = {
			isa = XCConfigurationList;
			buildConfigurations = (
				2B09A34D22F265D000F52209 /* Debug */,
				2B09A34E22F265D000F52209 /* Release */,
			);
			defaultConfigurationIsVisible = 0;
			defaultConfigurationName = Release;
		};
		2B09A34F22F265D000F52209 /* Build configuration list for PBXNativeTarget "XploreTests" */ = {
			isa = XCConfigurationList;
			buildConfigurations = (
				2B09A35022F265D000F52209 /* Debug */,
				2B09A35122F265D000F52209 /* Release */,
			);
			defaultConfigurationIsVisible = 0;
			defaultConfigurationName = Release;
		};
		2B09A35222F265D000F52209 /* Build configuration list for PBXNativeTarget "XploreUITests" */ = {
			isa = XCConfigurationList;
			buildConfigurations = (
				2B09A35322F265D000F52209 /* Debug */,
				2B09A35422F265D000F52209 /* Release */,
			);
			defaultConfigurationIsVisible = 0;
			defaultConfigurationName = Release;
		};
/* End XCConfigurationList section */
	};
	rootObject = 2B09A31C22F265CF00F52209 /* Project object */;
}
